// !$*UTF8*$!
{
	archiveVersion = 1;
	classes = {
	};
	objectVersion = 77;
	objects = {

/* Begin PBXBuildFile section */
		ED9978CC2CE434AB007FB7CF /* FirebaseAuth in Frameworks */ = {isa = PBXBuildFile; productRef = ED9978CB2CE434AB007FB7CF /* FirebaseAuth */; };
		ED9978CE2CE434AB007FB7CF /* FirebaseFirestore in Frameworks */ = {isa = PBXBuildFile; productRef = ED9978CD2CE434AB007FB7CF /* FirebaseFirestore */; };
		ED9978D02CE434AB007FB7CF /* FirebaseStorage in Frameworks */ = {isa = PBXBuildFile; productRef = ED9978CF2CE434AB007FB7CF /* FirebaseStorage */; };
		EDACC9402CF0C68E00906684 /* UIKit.framework in Frameworks */ = {isa = PBXBuildFile; fileRef = ED9978D22CE5785D007FB7CF /* UIKit.framework */; };
/* End PBXBuildFile section */

/* Begin PBXContainerItemProxy section */
		ED6441C62CE42BF100837768 /* PBXContainerItemProxy */ = {
			isa = PBXContainerItemProxy;
			containerPortal = ED6441AC2CE42BEF00837768 /* Project object */;
			proxyType = 1;
			remoteGlobalIDString = ED6441B32CE42BEF00837768;
			remoteInfo = reappt2;
		};
		ED6441D02CE42BF100837768 /* PBXContainerItemProxy */ = {
			isa = PBXContainerItemProxy;
			containerPortal = ED6441AC2CE42BEF00837768 /* Project object */;
			proxyType = 1;
			remoteGlobalIDString = ED6441B32CE42BEF00837768;
			remoteInfo = reappt2;
		};
/* End PBXContainerItemProxy section */

/* Begin PBXFileReference section */
		ED0AB8302CF622A300D39DB8 /* CoreAudioTypes.framework */ = {isa = PBXFileReference; lastKnownFileType = wrapper.framework; name = CoreAudioTypes.framework; path = Platforms/iPhoneOS.platform/Developer/SDKs/iPhoneOS18.1.sdk/System/Library/Frameworks/CoreAudioTypes.framework; sourceTree = DEVELOPER_DIR; };
		ED6441B42CE42BEF00837768 /* reappt2.app */ = {isa = PBXFileReference; explicitFileType = wrapper.application; includeInIndex = 0; path = reappt2.app; sourceTree = BUILT_PRODUCTS_DIR; };
		ED6441C52CE42BF100837768 /* reappt2Tests.xctest */ = {isa = PBXFileReference; explicitFileType = wrapper.cfbundle; includeInIndex = 0; path = reappt2Tests.xctest; sourceTree = BUILT_PRODUCTS_DIR; };
		ED6441CF2CE42BF100837768 /* reappt2UITests.xctest */ = {isa = PBXFileReference; explicitFileType = wrapper.cfbundle; includeInIndex = 0; path = reappt2UITests.xctest; sourceTree = BUILT_PRODUCTS_DIR; };
		ED9978D22CE5785D007FB7CF /* UIKit.framework */ = {isa = PBXFileReference; lastKnownFileType = wrapper.framework; name = UIKit.framework; path = Platforms/iPhoneOS.platform/Developer/SDKs/iPhoneOS18.1.sdk/System/Library/Frameworks/UIKit.framework; sourceTree = DEVELOPER_DIR; };
/* End PBXFileReference section */

/* Begin PBXFileSystemSynchronizedRootGroup section */
		ED6441B62CE42BEF00837768 /* reappt2 */ = {
			isa = PBXFileSystemSynchronizedRootGroup;
			path = reappt2;
			sourceTree = "<group>";
		};
		ED6441C82CE42BF100837768 /* reappt2Tests */ = {
			isa = PBXFileSystemSynchronizedRootGroup;
			path = reappt2Tests;
			sourceTree = "<group>";
		};
		ED6441D22CE42BF100837768 /* reappt2UITests */ = {
			isa = PBXFileSystemSynchronizedRootGroup;
			path = reappt2UITests;
			sourceTree = "<group>";
		};
/* End PBXFileSystemSynchronizedRootGroup section */

/* Begin PBXFrameworksBuildPhase section */
		ED6441B12CE42BEF00837768 /* Frameworks */ = {
			isa = PBXFrameworksBuildPhase;
			buildActionMask = 2147483647;
			files = (
				ED9978CC2CE434AB007FB7CF /* FirebaseAuth in Frameworks */,
				EDACC9402CF0C68E00906684 /* UIKit.framework in Frameworks */,
				ED9978CE2CE434AB007FB7CF /* FirebaseFirestore in Frameworks */,
				ED9978D02CE434AB007FB7CF /* FirebaseStorage in Frameworks */,
			);
			runOnlyForDeploymentPostprocessing = 0;
		};
		ED6441C22CE42BF100837768 /* Frameworks */ = {
			isa = PBXFrameworksBuildPhase;
			buildActionMask = 2147483647;
			files = (
			);
			runOnlyForDeploymentPostprocessing = 0;
		};
		ED6441CC2CE42BF100837768 /* Frameworks */ = {
			isa = PBXFrameworksBuildPhase;
			buildActionMask = 2147483647;
			files = (
			);
			runOnlyForDeploymentPostprocessing = 0;
		};
/* End PBXFrameworksBuildPhase section */

/* Begin PBXGroup section */
		ED6441AB2CE42BEF00837768 = {
			isa = PBXGroup;
			children = (
				ED6441B62CE42BEF00837768 /* reappt2 */,
				ED6441C82CE42BF100837768 /* reappt2Tests */,
				ED6441D22CE42BF100837768 /* reappt2UITests */,
				ED9978D12CE5785D007FB7CF /* Frameworks */,
				ED6441B52CE42BEF00837768 /* Products */,
			);
			sourceTree = "<group>";
		};
		ED6441B52CE42BEF00837768 /* Products */ = {
			isa = PBXGroup;
			children = (
				ED6441B42CE42BEF00837768 /* reappt2.app */,
				ED6441C52CE42BF100837768 /* reappt2Tests.xctest */,
				ED6441CF2CE42BF100837768 /* reappt2UITests.xctest */,
			);
			name = Products;
			sourceTree = "<group>";
		};
		ED9978D12CE5785D007FB7CF /* Frameworks */ = {
			isa = PBXGroup;
			children = (
				ED0AB8302CF622A300D39DB8 /* CoreAudioTypes.framework */,
				ED9978D22CE5785D007FB7CF /* UIKit.framework */,
			);
			name = Frameworks;
			sourceTree = "<group>";
		};
/* End PBXGroup section */

/* Begin PBXNativeTarget section */
		ED6441B32CE42BEF00837768 /* reappt2 */ = {
			isa = PBXNativeTarget;
			buildConfigurationList = ED6441D92CE42BF100837768 /* Build configuration list for PBXNativeTarget "reappt2" */;
			buildPhases = (
				ED6441B02CE42BEF00837768 /* Sources */,
				ED6441B12CE42BEF00837768 /* Frameworks */,
				ED6441B22CE42BEF00837768 /* Resources */,
			);
			buildRules = (
			);
			dependencies = (
			);
			fileSystemSynchronizedGroups = (
				ED6441B62CE42BEF00837768 /* reappt2 */,
			);
			name = reappt2;
			packageProductDependencies = (
				ED9978CB2CE434AB007FB7CF /* FirebaseAuth */,
				ED9978CD2CE434AB007FB7CF /* FirebaseFirestore */,
				ED9978CF2CE434AB007FB7CF /* FirebaseStorage */,
			);
			productName = reappt2;
			productReference = ED6441B42CE42BEF00837768 /* reappt2.app */;
			productType = "com.apple.product-type.application";
		};
		ED6441C42CE42BF100837768 /* reappt2Tests */ = {
			isa = PBXNativeTarget;
			buildConfigurationList = ED6441DC2CE42BF100837768 /* Build configuration list for PBXNativeTarget "reappt2Tests" */;
			buildPhases = (
				ED6441C12CE42BF100837768 /* Sources */,
				ED6441C22CE42BF100837768 /* Frameworks */,
				ED6441C32CE42BF100837768 /* Resources */,
			);
			buildRules = (
			);
			dependencies = (
				ED6441C72CE42BF100837768 /* PBXTargetDependency */,
			);
			fileSystemSynchronizedGroups = (
				ED6441C82CE42BF100837768 /* reappt2Tests */,
			);
			name = reappt2Tests;
			packageProductDependencies = (
			);
			productName = reappt2Tests;
			productReference = ED6441C52CE42BF100837768 /* reappt2Tests.xctest */;
			productType = "com.apple.product-type.bundle.unit-test";
		};
		ED6441CE2CE42BF100837768 /* reappt2UITests */ = {
			isa = PBXNativeTarget;
			buildConfigurationList = ED6441DF2CE42BF100837768 /* Build configuration list for PBXNativeTarget "reappt2UITests" */;
			buildPhases = (
				ED6441CB2CE42BF100837768 /* Sources */,
				ED6441CC2CE42BF100837768 /* Frameworks */,
				ED6441CD2CE42BF100837768 /* Resources */,
			);
			buildRules = (
			);
			dependencies = (
				ED6441D12CE42BF100837768 /* PBXTargetDependency */,
			);
			fileSystemSynchronizedGroups = (
				ED6441D22CE42BF100837768 /* reappt2UITests */,
			);
			name = reappt2UITests;
			packageProductDependencies = (
			);
			productName = reappt2UITests;
			productReference = ED6441CF2CE42BF100837768 /* reappt2UITests.xctest */;
			productType = "com.apple.product-type.bundle.ui-testing";
		};
/* End PBXNativeTarget section */

/* Begin PBXProject section */
		ED6441AC2CE42BEF00837768 /* Project object */ = {
			isa = PBXProject;
			attributes = {
				BuildIndependentTargetsInParallel = 1;
				LastSwiftUpdateCheck = 1610;
				LastUpgradeCheck = 1610;
				TargetAttributes = {
					ED6441B32CE42BEF00837768 = {
						CreatedOnToolsVersion = 16.1;
					};
					ED6441C42CE42BF100837768 = {
						CreatedOnToolsVersion = 16.1;
						TestTargetID = ED6441B32CE42BEF00837768;
					};
					ED6441CE2CE42BF100837768 = {
						CreatedOnToolsVersion = 16.1;
						TestTargetID = ED6441B32CE42BEF00837768;
					};
				};
			};
			buildConfigurationList = ED6441AF2CE42BEF00837768 /* Build configuration list for PBXProject "reappt2" */;
			developmentRegion = en;
			hasScannedForEncodings = 0;
			knownRegions = (
				en,
				Base,
			);
			mainGroup = ED6441AB2CE42BEF00837768;
			minimizedProjectReferenceProxies = 1;
			packageReferences = (
				ED9978CA2CE434AB007FB7CF /* XCRemoteSwiftPackageReference "firebase-ios-sdk" */,
			);
			preferredProjectObjectVersion = 77;
			productRefGroup = ED6441B52CE42BEF00837768 /* Products */;
			projectDirPath = "";
			projectRoot = "";
			targets = (
				ED6441B32CE42BEF00837768 /* reappt2 */,
				ED6441C42CE42BF100837768 /* reappt2Tests */,
				ED6441CE2CE42BF100837768 /* reappt2UITests */,
			);
		};
/* End PBXProject section */

/* Begin PBXResourcesBuildPhase section */
		ED6441B22CE42BEF00837768 /* Resources */ = {
			isa = PBXResourcesBuildPhase;
			buildActionMask = 2147483647;
			files = (
			);
			runOnlyForDeploymentPostprocessing = 0;
		};
		ED6441C32CE42BF100837768 /* Resources */ = {
			isa = PBXResourcesBuildPhase;
			buildActionMask = 2147483647;
			files = (
			);
			runOnlyForDeploymentPostprocessing = 0;
		};
		ED6441CD2CE42BF100837768 /* Resources */ = {
			isa = PBXResourcesBuildPhase;
			buildActionMask = 2147483647;
			files = (
			);
			runOnlyForDeploymentPostprocessing = 0;
		};
/* End PBXResourcesBuildPhase section */

/* Begin PBXSourcesBuildPhase section */
		ED6441B02CE42BEF00837768 /* Sources */ = {
			isa = PBXSourcesBuildPhase;
			buildActionMask = 2147483647;
			files = (
			);
			runOnlyForDeploymentPostprocessing = 0;
		};
		ED6441C12CE42BF100837768 /* Sources */ = {
			isa = PBXSourcesBuildPhase;
			buildActionMask = 2147483647;
			files = (
			);
			runOnlyForDeploymentPostprocessing = 0;
		};
		ED6441CB2CE42BF100837768 /* Sources */ = {
			isa = PBXSourcesBuildPhase;
			buildActionMask = 2147483647;
			files = (
			);
			runOnlyForDeploymentPostprocessing = 0;
		};
/* End PBXSourcesBuildPhase section */

/* Begin PBXTargetDependency section */
		ED6441C72CE42BF100837768 /* PBXTargetDependency */ = {
			isa = PBXTargetDependency;
			target = ED6441B32CE42BEF00837768 /* reappt2 */;
			targetProxy = ED6441C62CE42BF100837768 /* PBXContainerItemProxy */;
		};
		ED6441D12CE42BF100837768 /* PBXTargetDependency */ = {
			isa = PBXTargetDependency;
			target = ED6441B32CE42BEF00837768 /* reappt2 */;
			targetProxy = ED6441D02CE42BF100837768 /* PBXContainerItemProxy */;
		};
/* End PBXTargetDependency section */

/* Begin XCBuildConfiguration section */
		ED6441D72CE42BF100837768 /* Debug */ = {
			isa = XCBuildConfiguration;
			buildSettings = {
				ALWAYS_SEARCH_USER_PATHS = NO;
				ASSETCATALOG_COMPILER_GENERATE_SWIFT_ASSET_SYMBOL_EXTENSIONS = YES;
				CLANG_ANALYZER_NONNULL = YES;
				CLANG_ANALYZER_NUMBER_OBJECT_CONVERSION = YES_AGGRESSIVE;
				CLANG_CXX_LANGUAGE_STANDARD = "gnu++20";
				CLANG_ENABLE_MODULES = YES;
				CLANG_ENABLE_OBJC_ARC = YES;
				CLANG_ENABLE_OBJC_WEAK = YES;
				CLANG_WARN_BLOCK_CAPTURE_AUTORELEASING = YES;
				CLANG_WARN_BOOL_CONVERSION = YES;
				CLANG_WARN_COMMA = YES;
				CLANG_WARN_CONSTANT_CONVERSION = YES;
				CLANG_WARN_DEPRECATED_OBJC_IMPLEMENTATIONS = YES;
				CLANG_WARN_DIRECT_OBJC_ISA_USAGE = YES_ERROR;
				CLANG_WARN_DOCUMENTATION_COMMENTS = YES;
				CLANG_WARN_EMPTY_BODY = YES;
				CLANG_WARN_ENUM_CONVERSION = YES;
				CLANG_WARN_INFINITE_RECURSION = YES;
				CLANG_WARN_INT_CONVERSION = YES;
				CLANG_WARN_NON_LITERAL_NULL_CONVERSION = YES;
				CLANG_WARN_OBJC_IMPLICIT_RETAIN_SELF = YES;
				CLANG_WARN_OBJC_LITERAL_CONVERSION = YES;
				CLANG_WARN_OBJC_ROOT_CLASS = YES_ERROR;
				CLANG_WARN_QUOTED_INCLUDE_IN_FRAMEWORK_HEADER = YES;
				CLANG_WARN_RANGE_LOOP_ANALYSIS = YES;
				CLANG_WARN_STRICT_PROTOTYPES = YES;
				CLANG_WARN_SUSPICIOUS_MOVE = YES;
				CLANG_WARN_UNGUARDED_AVAILABILITY = YES_AGGRESSIVE;
				CLANG_WARN_UNREACHABLE_CODE = YES;
				CLANG_WARN__DUPLICATE_METHOD_MATCH = YES;
				COPY_PHASE_STRIP = NO;
				DEBUG_INFORMATION_FORMAT = dwarf;
				ENABLE_STRICT_OBJC_MSGSEND = YES;
				ENABLE_TESTABILITY = YES;
				ENABLE_USER_SCRIPT_SANDBOXING = YES;
				GCC_C_LANGUAGE_STANDARD = gnu17;
				GCC_DYNAMIC_NO_PIC = NO;
				GCC_NO_COMMON_BLOCKS = YES;
				GCC_OPTIMIZATION_LEVEL = 0;
				GCC_PREPROCESSOR_DEFINITIONS = (
					"DEBUG=1",
					"$(inherited)",
				);
				GCC_WARN_64_TO_32_BIT_CONVERSION = YES;
				GCC_WARN_ABOUT_RETURN_TYPE = YES_ERROR;
				GCC_WARN_UNDECLARED_SELECTOR = YES;
				GCC_WARN_UNINITIALIZED_AUTOS = YES_AGGRESSIVE;
				GCC_WARN_UNUSED_FUNCTION = YES;
				GCC_WARN_UNUSED_VARIABLE = YES;
				IPHONEOS_DEPLOYMENT_TARGET = 18.0;
				LOCALIZATION_PREFERS_STRING_CATALOGS = YES;
				MTL_ENABLE_DEBUG_INFO = INCLUDE_SOURCE;
				MTL_FAST_MATH = YES;
				ONLY_ACTIVE_ARCH = YES;
				"OTHER_LDFLAGS[arch=*]" = "-ObjC";
				SWIFT_ACTIVE_COMPILATION_CONDITIONS = "DEBUG $(inherited)";
				SWIFT_OPTIMIZATION_LEVEL = "-Onone";
			};
			name = Debug;
		};
		ED6441D82CE42BF100837768 /* Release */ = {
			isa = XCBuildConfiguration;
			buildSettings = {
				ALWAYS_SEARCH_USER_PATHS = NO;
				ASSETCATALOG_COMPILER_GENERATE_SWIFT_ASSET_SYMBOL_EXTENSIONS = YES;
				CLANG_ANALYZER_NONNULL = YES;
				CLANG_ANALYZER_NUMBER_OBJECT_CONVERSION = YES_AGGRESSIVE;
				CLANG_CXX_LANGUAGE_STANDARD = "gnu++20";
				CLANG_ENABLE_MODULES = YES;
				CLANG_ENABLE_OBJC_ARC = YES;
				CLANG_ENABLE_OBJC_WEAK = YES;
				CLANG_WARN_BLOCK_CAPTURE_AUTORELEASING = YES;
				CLANG_WARN_BOOL_CONVERSION = YES;
				CLANG_WARN_COMMA = YES;
				CLANG_WARN_CONSTANT_CONVERSION = YES;
				CLANG_WARN_DEPRECATED_OBJC_IMPLEMENTATIONS = YES;
				CLANG_WARN_DIRECT_OBJC_ISA_USAGE = YES_ERROR;
				CLANG_WARN_DOCUMENTATION_COMMENTS = YES;
				CLANG_WARN_EMPTY_BODY = YES;
				CLANG_WARN_ENUM_CONVERSION = YES;
				CLANG_WARN_INFINITE_RECURSION = YES;
				CLANG_WARN_INT_CONVERSION = YES;
				CLANG_WARN_NON_LITERAL_NULL_CONVERSION = YES;
				CLANG_WARN_OBJC_IMPLICIT_RETAIN_SELF = YES;
				CLANG_WARN_OBJC_LITERAL_CONVERSION = YES;
				CLANG_WARN_OBJC_ROOT_CLASS = YES_ERROR;
				CLANG_WARN_QUOTED_INCLUDE_IN_FRAMEWORK_HEADER = YES;
				CLANG_WARN_RANGE_LOOP_ANALYSIS = YES;
				CLANG_WARN_STRICT_PROTOTYPES = YES;
				CLANG_WARN_SUSPICIOUS_MOVE = YES;
				CLANG_WARN_UNGUARDED_AVAILABILITY = YES_AGGRESSIVE;
				CLANG_WARN_UNREACHABLE_CODE = YES;
				CLANG_WARN__DUPLICATE_METHOD_MATCH = YES;
				COPY_PHASE_STRIP = NO;
				DEBUG_INFORMATION_FORMAT = "dwarf-with-dsym";
				ENABLE_NS_ASSERTIONS = NO;
				ENABLE_STRICT_OBJC_MSGSEND = YES;
				ENABLE_USER_SCRIPT_SANDBOXING = YES;
				GCC_C_LANGUAGE_STANDARD = gnu17;
				GCC_NO_COMMON_BLOCKS = YES;
				GCC_WARN_64_TO_32_BIT_CONVERSION = YES;
				GCC_WARN_ABOUT_RETURN_TYPE = YES_ERROR;
				GCC_WARN_UNDECLARED_SELECTOR = YES;
				GCC_WARN_UNINITIALIZED_AUTOS = YES_AGGRESSIVE;
				GCC_WARN_UNUSED_FUNCTION = YES;
				GCC_WARN_UNUSED_VARIABLE = YES;
				IPHONEOS_DEPLOYMENT_TARGET = 18.0;
				LOCALIZATION_PREFERS_STRING_CATALOGS = YES;
				MTL_ENABLE_DEBUG_INFO = NO;
				MTL_FAST_MATH = YES;
				"OTHER_LDFLAGS[arch=*]" = "-ObjC";
				SWIFT_COMPILATION_MODE = wholemodule;
			};
			name = Release;
		};
		ED6441DA2CE42BF100837768 /* Debug */ = {
			isa = XCBuildConfiguration;
			buildSettings = {
				ARCHS = "$(ARCHS_STANDARD)";
				ASSETCATALOG_COMPILER_APPICON_NAME = AppIcon;
				ASSETCATALOG_COMPILER_GLOBAL_ACCENT_COLOR_NAME = AccentColor;
				ASSETCATALOG_COMPILER_INCLUDE_ALL_APPICON_ASSETS = NO;
				CODE_SIGN_ENTITLEMENTS = reappt2/reappt2.entitlements;
				CODE_SIGN_STYLE = Automatic;
				CURRENT_PROJECT_VERSION = 1;
				DEVELOPMENT_ASSET_PATHS = "\"reappt2/Preview Content\"";
				DEVELOPMENT_TEAM = 43JSBZFUB4;
				ENABLE_HARDENED_RUNTIME = YES;
				ENABLE_PREVIEWS = YES;
				FRAMEWORK_SEARCH_PATHS = (
					"$(inherited)",
					"$(PROJECT_DIR)/reappt2",
				);
				GENERATE_INFOPLIST_FILE = YES;
				INFOPLIST_KEY_CFBundleDisplayName = Reappt;
				INFOPLIST_KEY_LSApplicationCategoryType = "public.app-category.social-networking";
				"INFOPLIST_KEY_UIApplicationSceneManifest_Generation[sdk=iphoneos*]" = YES;
				"INFOPLIST_KEY_UIApplicationSceneManifest_Generation[sdk=iphonesimulator*]" = YES;
				"INFOPLIST_KEY_UIApplicationSupportsIndirectInputEvents[sdk=iphoneos*]" = YES;
				"INFOPLIST_KEY_UIApplicationSupportsIndirectInputEvents[sdk=iphonesimulator*]" = YES;
				"INFOPLIST_KEY_UILaunchScreen_Generation[sdk=iphoneos*]" = YES;
				"INFOPLIST_KEY_UILaunchScreen_Generation[sdk=iphonesimulator*]" = YES;
				"INFOPLIST_KEY_UIStatusBarStyle[sdk=iphoneos*]" = UIStatusBarStyleDefault;
				"INFOPLIST_KEY_UIStatusBarStyle[sdk=iphonesimulator*]" = UIStatusBarStyleDefault;
				INFOPLIST_KEY_UISupportedInterfaceOrientations_iPad = "UIInterfaceOrientationPortrait UIInterfaceOrientationPortraitUpsideDown UIInterfaceOrientationLandscapeLeft UIInterfaceOrientationLandscapeRight";
				INFOPLIST_KEY_UISupportedInterfaceOrientations_iPhone = "UIInterfaceOrientationPortrait UIInterfaceOrientationLandscapeLeft UIInterfaceOrientationLandscapeRight";
				IPHONEOS_DEPLOYMENT_TARGET = 18.0;
				LD_RUNPATH_SEARCH_PATHS = "@executable_path/Frameworks";
				"LD_RUNPATH_SEARCH_PATHS[sdk=macosx*]" = "@executable_path/../Frameworks";
				LD_WARN_UNUSED_DYLIBS = NO;
				MACOSX_DEPLOYMENT_TARGET = 14.6;
				MARKETING_VERSION = 1.0;
				"OTHER_LDFLAGS[arch=arm64]" = "";
				"OTHER_LDFLAGS[arch=arm64e]" = "";
				"OTHER_LDFLAGS[sdk=iphone*]" = "";
				PRODUCT_BUNDLE_IDENTIFIER = com.reappt2;
				PRODUCT_NAME = "$(TARGET_NAME)";
				SDKROOT = iphoneos;
				SUPPORTED_PLATFORMS = "iphoneos iphonesimulator";
				SUPPORTS_MACCATALYST = NO;
				SWIFT_EMIT_LOC_STRINGS = YES;
				SWIFT_VERSION = 5.0;
				TARGETED_DEVICE_FAMILY = "1,2";
				XROS_DEPLOYMENT_TARGET = 2.1;
			};
			name = Debug;
		};
		ED6441DB2CE42BF100837768 /* Release */ = {
			isa = XCBuildConfiguration;
			buildSettings = {
				ARCHS = "$(ARCHS_STANDARD)";
				ASSETCATALOG_COMPILER_APPICON_NAME = AppIcon;
				ASSETCATALOG_COMPILER_GLOBAL_ACCENT_COLOR_NAME = AccentColor;
				ASSETCATALOG_COMPILER_INCLUDE_ALL_APPICON_ASSETS = NO;
				CODE_SIGN_ENTITLEMENTS = reappt2/reappt2.entitlements;
				CODE_SIGN_STYLE = Automatic;
				CURRENT_PROJECT_VERSION = 1;
				DEVELOPMENT_ASSET_PATHS = "\"reappt2/Preview Content\"";
				DEVELOPMENT_TEAM = 43JSBZFUB4;
				ENABLE_HARDENED_RUNTIME = YES;
				ENABLE_PREVIEWS = YES;
				FRAMEWORK_SEARCH_PATHS = (
					"$(inherited)",
					"$(PROJECT_DIR)/reappt2",
				);
				GENERATE_INFOPLIST_FILE = YES;
				INFOPLIST_KEY_CFBundleDisplayName = Reappt;
				INFOPLIST_KEY_LSApplicationCategoryType = "public.app-category.social-networking";
				"INFOPLIST_KEY_UIApplicationSceneManifest_Generation[sdk=iphoneos*]" = YES;
				"INFOPLIST_KEY_UIApplicationSceneManifest_Generation[sdk=iphonesimulator*]" = YES;
				"INFOPLIST_KEY_UIApplicationSupportsIndirectInputEvents[sdk=iphoneos*]" = YES;
				"INFOPLIST_KEY_UIApplicationSupportsIndirectInputEvents[sdk=iphonesimulator*]" = YES;
				"INFOPLIST_KEY_UILaunchScreen_Generation[sdk=iphoneos*]" = YES;
				"INFOPLIST_KEY_UILaunchScreen_Generation[sdk=iphonesimulator*]" = YES;
				"INFOPLIST_KEY_UIStatusBarStyle[sdk=iphoneos*]" = UIStatusBarStyleDefault;
				"INFOPLIST_KEY_UIStatusBarStyle[sdk=iphonesimulator*]" = UIStatusBarStyleDefault;
				INFOPLIST_KEY_UISupportedInterfaceOrientations_iPad = "UIInterfaceOrientationPortrait UIInterfaceOrientationPortraitUpsideDown UIInterfaceOrientationLandscapeLeft UIInterfaceOrientationLandscapeRight";
				INFOPLIST_KEY_UISupportedInterfaceOrientations_iPhone = "UIInterfaceOrientationPortrait UIInterfaceOrientationLandscapeLeft UIInterfaceOrientationLandscapeRight";
				IPHONEOS_DEPLOYMENT_TARGET = 18.0;
				LD_RUNPATH_SEARCH_PATHS = "@executable_path/Frameworks";
				"LD_RUNPATH_SEARCH_PATHS[sdk=macosx*]" = "@executable_path/../Frameworks";
				LD_WARN_UNUSED_DYLIBS = NO;
				MACOSX_DEPLOYMENT_TARGET = 14.6;
				MARKETING_VERSION = 1.0;
				"OTHER_LDFLAGS[arch=arm64]" = "";
				"OTHER_LDFLAGS[arch=arm64e]" = "";
				"OTHER_LDFLAGS[sdk=iphone*]" = "";
				PRODUCT_BUNDLE_IDENTIFIER = com.reappt2;
				PRODUCT_NAME = "$(TARGET_NAME)";
				SDKROOT = iphoneos;
				SUPPORTED_PLATFORMS = "iphoneos iphonesimulator";
				SUPPORTS_MACCATALYST = NO;
				SWIFT_EMIT_LOC_STRINGS = YES;
				SWIFT_VERSION = 5.0;
				TARGETED_DEVICE_FAMILY = "1,2";
				XROS_DEPLOYMENT_TARGET = 2.1;
			};
			name = Release;
		};
		ED6441DD2CE42BF100837768 /* Debug */ = {
			isa = XCBuildConfiguration;
			buildSettings = {
				BUNDLE_LOADER = "$(TEST_HOST)";
				CODE_SIGN_STYLE = Automatic;
				CURRENT_PROJECT_VERSION = 1;
				DEVELOPMENT_TEAM = 43JSBZFUB4;
				GENERATE_INFOPLIST_FILE = YES;
				IPHONEOS_DEPLOYMENT_TARGET = 18.1;
				MACOSX_DEPLOYMENT_TARGET = 14.6;
				MARKETING_VERSION = 1.0;
				PRODUCT_BUNDLE_IDENTIFIER = com.reappt2Tests;
				PRODUCT_NAME = "$(TARGET_NAME)";
				SDKROOT = auto;
				SUPPORTED_PLATFORMS = "iphoneos iphonesimulator macosx xros xrsimulator";
				SWIFT_EMIT_LOC_STRINGS = NO;
				SWIFT_VERSION = 5.0;
				TARGETED_DEVICE_FAMILY = "1,2,7";
				TEST_HOST = "$(BUILT_PRODUCTS_DIR)/reappt2.app/$(BUNDLE_EXECUTABLE_FOLDER_PATH)/reappt2";
				XROS_DEPLOYMENT_TARGET = 2.1;
			};
			name = Debug;
		};
		ED6441DE2CE42BF100837768 /* Release */ = {
			isa = XCBuildConfiguration;
			buildSettings = {
				BUNDLE_LOADER = "$(TEST_HOST)";
				CODE_SIGN_STYLE = Automatic;
				CURRENT_PROJECT_VERSION = 1;
				DEVELOPMENT_TEAM = 43JSBZFUB4;
				GENERATE_INFOPLIST_FILE = YES;
				IPHONEOS_DEPLOYMENT_TARGET = 18.1;
				MACOSX_DEPLOYMENT_TARGET = 14.6;
				MARKETING_VERSION = 1.0;
				PRODUCT_BUNDLE_IDENTIFIER = com.reappt2Tests;
				PRODUCT_NAME = "$(TARGET_NAME)";
				SDKROOT = auto;
				SUPPORTED_PLATFORMS = "iphoneos iphonesimulator macosx xros xrsimulator";
				SWIFT_EMIT_LOC_STRINGS = NO;
				SWIFT_VERSION = 5.0;
				TARGETED_DEVICE_FAMILY = "1,2,7";
				TEST_HOST = "$(BUILT_PRODUCTS_DIR)/reappt2.app/$(BUNDLE_EXECUTABLE_FOLDER_PATH)/reappt2";
				XROS_DEPLOYMENT_TARGET = 2.1;
			};
			name = Release;
		};
		ED6441E02CE42BF100837768 /* Debug */ = {
			isa = XCBuildConfiguration;
			buildSettings = {
				CODE_SIGN_STYLE = Automatic;
				CURRENT_PROJECT_VERSION = 1;
				DEVELOPMENT_TEAM = 43JSBZFUB4;
				GENERATE_INFOPLIST_FILE = YES;
				IPHONEOS_DEPLOYMENT_TARGET = 18.1;
				MACOSX_DEPLOYMENT_TARGET = 14.6;
				MARKETING_VERSION = 1.0;
				PRODUCT_BUNDLE_IDENTIFIER = com.reappt2UITests;
				PRODUCT_NAME = "$(TARGET_NAME)";
				SDKROOT = auto;
				SUPPORTED_PLATFORMS = "iphoneos iphonesimulator macosx xros xrsimulator";
				SWIFT_EMIT_LOC_STRINGS = NO;
				SWIFT_VERSION = 5.0;
				TARGETED_DEVICE_FAMILY = "1,2,7";
				TEST_TARGET_NAME = reappt2;
				XROS_DEPLOYMENT_TARGET = 2.1;
			};
			name = Debug;
		};
		ED6441E12CE42BF100837768 /* Release */ = {
			isa = XCBuildConfiguration;
			buildSettings = {
				CODE_SIGN_STYLE = Automatic;
				CURRENT_PROJECT_VERSION = 1;
				DEVELOPMENT_TEAM = 43JSBZFUB4;
				GENERATE_INFOPLIST_FILE = YES;
				IPHONEOS_DEPLOYMENT_TARGET = 18.1;
				MACOSX_DEPLOYMENT_TARGET = 14.6;
				MARKETING_VERSION = 1.0;
				PRODUCT_BUNDLE_IDENTIFIER = com.reappt2UITests;
				PRODUCT_NAME = "$(TARGET_NAME)";
				SDKROOT = auto;
				SUPPORTED_PLATFORMS = "iphoneos iphonesimulator macosx xros xrsimulator";
				SWIFT_EMIT_LOC_STRINGS = NO;
				SWIFT_VERSION = 5.0;
				TARGETED_DEVICE_FAMILY = "1,2,7";
				TEST_TARGET_NAME = reappt2;
				XROS_DEPLOYMENT_TARGET = 2.1;
			};
			name = Release;
		};
/* End XCBuildConfiguration section */

/* Begin XCConfigurationList section */
		ED6441AF2CE42BEF00837768 /* Build configuration list for PBXProject "reappt2" */ = {
			isa = XCConfigurationList;
			buildConfigurations = (
				ED6441D72CE42BF100837768 /* Debug */,
				ED6441D82CE42BF100837768 /* Release */,
			);
			defaultConfigurationIsVisible = 0;
			defaultConfigurationName = Release;
		};
		ED6441D92CE42BF100837768 /* Build configuration list for PBXNativeTarget "reappt2" */ = {
			isa = XCConfigurationList;
			buildConfigurations = (
				ED6441DA2CE42BF100837768 /* Debug */,
				ED6441DB2CE42BF100837768 /* Release */,
			);
			defaultConfigurationIsVisible = 0;
			defaultConfigurationName = Release;
		};
		ED6441DC2CE42BF100837768 /* Build configuration list for PBXNativeTarget "reappt2Tests" */ = {
			isa = XCConfigurationList;
			buildConfigurations = (
				ED6441DD2CE42BF100837768 /* Debug */,
				ED6441DE2CE42BF100837768 /* Release */,
			);
			defaultConfigurationIsVisible = 0;
			defaultConfigurationName = Release;
		};
		ED6441DF2CE42BF100837768 /* Build configuration list for PBXNativeTarget "reappt2UITests" */ = {
			isa = XCConfigurationList;
			buildConfigurations = (
				ED6441E02CE42BF100837768 /* Debug */,
				ED6441E12CE42BF100837768 /* Release */,
			);
			defaultConfigurationIsVisible = 0;
			defaultConfigurationName = Release;
		};
/* End XCConfigurationList section */

/* Begin XCRemoteSwiftPackageReference section */
		ED9978CA2CE434AB007FB7CF /* XCRemoteSwiftPackageReference "firebase-ios-sdk" */ = {
			isa = XCRemoteSwiftPackageReference;
			repositoryURL = "https://github.com/firebase/firebase-ios-sdk";
			requirement = {
				kind = upToNextMajorVersion;
				minimumVersion = 11.5.0;
			};
		};
/* End XCRemoteSwiftPackageReference section */

/* Begin XCSwiftPackageProductDependency section */
		ED9978CB2CE434AB007FB7CF /* FirebaseAuth */ = {
			isa = XCSwiftPackageProductDependency;
			package = ED9978CA2CE434AB007FB7CF /* XCRemoteSwiftPackageReference "firebase-ios-sdk" */;
			productName = FirebaseAuth;
		};
		ED9978CD2CE434AB007FB7CF /* FirebaseFirestore */ = {
			isa = XCSwiftPackageProductDependency;
			package = ED9978CA2CE434AB007FB7CF /* XCRemoteSwiftPackageReference "firebase-ios-sdk" */;
			productName = FirebaseFirestore;
		};
		ED9978CF2CE434AB007FB7CF /* FirebaseStorage */ = {
			isa = XCSwiftPackageProductDependency;
			package = ED9978CA2CE434AB007FB7CF /* XCRemoteSwiftPackageReference "firebase-ios-sdk" */;
			productName = FirebaseStorage;
		};
/* End XCSwiftPackageProductDependency section */
	};
	rootObject = ED6441AC2CE42BEF00837768 /* Project object */;
}
